
Microsoft Visual Studio Solution File, Format Version 12.00
# Visual Studio 14
VisualStudioVersion = 14.0.25420.1
MinimumVisualStudioVersion = 10.0.40219.1
Project("{FAE04EC0-301F-11D3-BF4B-00C04F79EFBC}") = "Shared", "Shared\Shared.csproj", "{32F331E6-1F98-4010-A2B0-26D908117EC9}"
EndProject
Project("{FAE04EC0-301F-11D3-BF4B-00C04F79EFBC}") = "LoginService", "LoginService\LoginService.csproj", "{B54490E4-1CAB-4AB6-9A4C-F5CF989B08A0}"
EndProject
Project("{FAE04EC0-301F-11D3-BF4B-00C04F79EFBC}") = "WorldService", "WorldService\WorldService.csproj", "{263EEA4A-E53D-4129-B3B6-46308447D3C2}"
EndProject
Project("{FAE04EC0-301F-11D3-BF4B-00C04F79EFBC}") = "SoulWorkerLauncher", "SoulWorkerLauncher\SoulWorkerLauncher.csproj", "{18DB6725-6B5F-4884-B7FF-7876D5DF14B5}"
EndProject
Global
	GlobalSection(SolutionConfigurationPlatforms) = preSolution
		Debug|Any CPU = Debug|Any CPU
		Release|Any CPU = Release|Any CPU
	EndGlobalSection
	GlobalSection(ProjectConfigurationPlatforms) = postSolution
		{32F331E6-1F98-4010-A2B0-26D908117EC9}.Debug|Any CPU.ActiveCfg = Debug|Any CPU
		{32F331E6-1F98-4010-A2B0-26D908117EC9}.Debug|Any CPU.Build.0 = Debug|Any CPU
		{32F331E6-1F98-4010-A2B0-26D908117EC9}.Release|Any CPU.ActiveCfg = Release|Any CPU
		{32F331E6-1F98-4010-A2B0-26D908117EC9}.Release|Any CPU.Build.0 = Release|Any CPU
		{B54490E4-1CAB-4AB6-9A4C-F5CF989B08A0}.Debug|Any CPU.ActiveCfg = Debug|Any CPU
		{B54490E4-1CAB-4AB6-9A4C-F5CF989B08A0}.Debug|Any CPU.Build.0 = Debug|Any CPU
		{B54490E4-1CAB-4AB6-9A4C-F5CF989B08A0}.Release|Any CPU.ActiveCfg = Release|Any CPU
		{B54490E4-1CAB-4AB6-9A4C-F5CF989B08A0}.Release|Any CPU.Build.0 = Release|Any CPU
		{263EEA4A-E53D-4129-B3B6-46308447D3C2}.Debug|Any CPU.ActiveCfg = Debug|Any CPU
		{263EEA4A-E53D-4129-B3B6-46308447D3C2}.Debug|Any CPU.Build.0 = Debug|Any CPU
		{263EEA4A-E53D-4129-B3B6-46308447D3C2}.Release|Any CPU.ActiveCfg = Release|Any CPU
		{263EEA4A-E53D-4129-B3B6-46308447D3C2}.Release|Any CPU.Build.0 = Release|Any CPU
		{18DB6725-6B5F-4884-B7FF-7876D5DF14B5}.Debug|Any CPU.ActiveCfg = Debug|Any CPU
		{18DB6725-6B5F-4884-B7FF-7876D5DF14B5}.Debug|Any CPU.Build.0 = Debug|Any CPU
		{18DB6725-6B5F-4884-B7FF-7876D5DF14B5}.Release|Any CPU.ActiveCfg = Release|Any CPU
		{18DB6725-6B5F-4884-B7FF-7876D5DF14B5}.Release|Any CPU.Build.0 = Release|Any CPU
	EndGlobalSection
	GlobalSection(SolutionProperties) = preSolution
		HideSolutionNode = FALSE
	EndGlobalSection
EndGlobal
